{
  "originHash" : "ef5c69e443a90064d42b6aca01d47e4dbd5cecbb0b99f0916b9ca301b3f3af86",
  "pins" : [
    {
      "identity" : "vonage-video-client-sdk-swift",
      "kind" : "remoteSourceControl",
      "location" : "https://github.com/vonage/vonage-video-client-sdk-swift.git",
      "state" : {
        "revision" : "ca37c668900b707a4bff735e2d0b92771ed25637",
        "version" : "2.34.0"
      }
    }
  ],
  "version" : 3
}
